
Microsoft Visual Studio Solution File, Format Version 12.00
# Visual Studio Version 17
VisualStudioVersion = 17.14.36203.30 d17.14
MinimumVisualStudioVersion = 10.0.40219.1
Project("{54A90642-561A-4BB1-A94E-469ADEE60C69}") = "NodeConsoleApp2", "NodeConsoleApp2.esproj", "{1375A935-2150-7431-2E12-28C27BE8B7D8}"
EndProject
Global
	GlobalSection(SolutionConfigurationPlatforms) = preSolution
		Debug|Any CPU = Debug|Any CPU
		Release|Any CPU = Release|Any CPU
	EndGlobalSection
	GlobalSection(ProjectConfigurationPlatforms) = postSolution
		{1375A935-2150-7431-2E12-28C27BE8B7D8}.Debug|Any CPU.ActiveCfg = Debug|Any CPU
		{1375A935-2150-7431-2E12-28C27BE8B7D8}.Debug|Any CPU.Build.0 = Debug|Any CPU
		{1375A935-2150-7431-2E12-28C27BE8B7D8}.Debug|Any CPU.Deploy.0 = Debug|Any CPU
		{1375A935-2150-7431-2E12-28C27BE8B7D8}.Release|Any CPU.ActiveCfg = Release|Any CPU
		{1375A935-2150-7431-2E12-28C27BE8B7D8}.Release|Any CPU.Build.0 = Release|Any CPU
		{1375A935-2150-7431-2E12-28C27BE8B7D8}.Release|Any CPU.Deploy.0 = Release|Any CPU
	EndGlobalSection
	GlobalSection(SolutionProperties) = preSolution
		HideSolutionNode = FALSE
	EndGlobalSection
	GlobalSection(ExtensibilityGlobals) = postSolution
		SolutionGuid = {7FDB812D-012A-4187-BF08-673B7B10B974}
	EndGlobalSection
EndGlobal
